
Microsoft Visual Studio Solution File, Format Version 12.00
# Visual Studio Version 17
VisualStudioVersion = 17.14.36915.13 d17.14
MinimumVisualStudioVersion = 10.0.40219.1
Project("{FAE04EC0-301F-11D3-BF4B-00C04F79EFBC}") = "lighPayroll", "lighPayroll.csproj", "{9938CC98-F8C2-4227-BDA2-7515F1908EFF}"
EndProject
Global
	GlobalSection(SolutionConfigurationPlatforms) = preSolution
		Debug|Any CPU = Debug|Any CPU
		Release|Any CPU = Release|Any CPU
	EndGlobalSection
	GlobalSection(ProjectConfigurationPlatforms) = postSolution
		{9938CC98-F8C2-4227-BDA2-7515F1908EFF}.Debug|Any CPU.ActiveCfg = Debug|Any CPU
		{9938CC98-F8C2-4227-BDA2-7515F1908EFF}.Debug|Any CPU.Build.0 = Debug|Any CPU
		{9938CC98-F8C2-4227-BDA2-7515F1908EFF}.Release|Any CPU.ActiveCfg = Release|Any CPU
		{9938CC98-F8C2-4227-BDA2-7515F1908EFF}.Release|Any CPU.Build.0 = Release|Any CPU
	EndGlobalSection
	GlobalSection(SolutionProperties) = preSolution
		HideSolutionNode = FALSE
	EndGlobalSection
	GlobalSection(ExtensibilityGlobals) = postSolution
		SolutionGuid = {EBDBD0CF-05F9-41AF-B1CA-1971E93D10C1}
	EndGlobalSection
EndGlobal
